
Microsoft Visual Studio Solution File, Format Version 12.00
# Visual Studio Version 16
VisualStudioVersion = 16.0.30523.141
MinimumVisualStudioVersion = 10.0.40219.1
Project("{FAE04EC0-301F-11D3-BF4B-00C04F79EFBC}") = "Labont_Dumitru_Lab2", "Labont_Dumitru_Lab2.csproj", "{62EE3D77-EB29-4321-8140-4435F55E84E8}"
EndProject
Global
	GlobalSection(SolutionConfigurationPlatforms) = preSolution
		Debug|Any CPU = Debug|Any CPU
		Release|Any CPU = Release|Any CPU
	EndGlobalSection
	GlobalSection(ProjectConfigurationPlatforms) = postSolution
		{62EE3D77-EB29-4321-8140-4435F55E84E8}.Debug|Any CPU.ActiveCfg = Debug|Any CPU
		{62EE3D77-EB29-4321-8140-4435F55E84E8}.Debug|Any CPU.Build.0 = Debug|Any CPU
		{62EE3D77-EB29-4321-8140-4435F55E84E8}.Release|Any CPU.ActiveCfg = Release|Any CPU
		{62EE3D77-EB29-4321-8140-4435F55E84E8}.Release|Any CPU.Build.0 = Release|Any CPU
	EndGlobalSection
	GlobalSection(SolutionProperties) = preSolution
		HideSolutionNode = FALSE
	EndGlobalSection
	GlobalSection(ExtensibilityGlobals) = postSolution
		SolutionGuid = {B26DFC87-3872-405F-A925-4AB901243B2A}
	EndGlobalSection
EndGlobal
